
Microsoft Visual Studio Solution File, Format Version 12.00
Project("{FAE04EC0-301F-11D3-BF4B-00C04F79EFBC}") = "MarsClock", "MarsClock\MarsClock.csproj", "{2C215535-A4F7-4C9A-AF4A-E58F68746D59}"
EndProject
Project("{2150E333-8FDC-42A3-9474-1A3956D46DE8}") = "Solution Items", "Solution Items", "{90C840E4-C0CD-45AA-9F71-9B798B5E77DD}"
	ProjectSection(SolutionItems) = preProject
		docker-compose.yml = docker-compose.yml
	EndProjectSection
EndProject
Global
	GlobalSection(SolutionConfigurationPlatforms) = preSolution
		Debug|Any CPU = Debug|Any CPU
		Release|Any CPU = Release|Any CPU
	EndGlobalSection
	GlobalSection(ProjectConfigurationPlatforms) = postSolution
		{2C215535-A4F7-4C9A-AF4A-E58F68746D59}.Debug|Any CPU.ActiveCfg = Debug|Any CPU
		{2C215535-A4F7-4C9A-AF4A-E58F68746D59}.Debug|Any CPU.Build.0 = Debug|Any CPU
		{2C215535-A4F7-4C9A-AF4A-E58F68746D59}.Release|Any CPU.ActiveCfg = Release|Any CPU
		{2C215535-A4F7-4C9A-AF4A-E58F68746D59}.Release|Any CPU.Build.0 = Release|Any CPU
	EndGlobalSection
EndGlobal
